// !$*UTF8*$!
{
	archiveVersion = 1;
	classes = {
	};
	objectVersion = 77;
	objects = {

/* Begin PBXBuildFile section */
		100000000000000000000001 /* HealthJSONApp.swift in Sources */ = {isa = PBXBuildFile; fileRef = 200000000000000000000001 /* HealthJSONApp.swift */; };
		100000000000000000000002 /* AppDelegate.swift in Sources */ = {isa = PBXBuildFile; fileRef = 200000000000000000000002 /* AppDelegate.swift */; };
		100000000000000000000003 /* ExportModels.swift in Sources */ = {isa = PBXBuildFile; fileRef = 200000000000000000000003 /* ExportModels.swift */; };
		100000000000000000000004 /* AnchorStore.swift in Sources */ = {isa = PBXBuildFile; fileRef = 200000000000000000000004 /* AnchorStore.swift */; };
		100000000000000000000005 /* CloudExportStore.swift in Sources */ = {isa = PBXBuildFile; fileRef = 200000000000000000000005 /* CloudExportStore.swift */; };
		100000000000000000000006 /* HealthDataCatalog.swift in Sources */ = {isa = PBXBuildFile; fileRef = 200000000000000000000006 /* HealthDataCatalog.swift */; };
		100000000000000000000007 /* HealthExportCoordinator.swift in Sources */ = {isa = PBXBuildFile; fileRef = 200000000000000000000007 /* HealthExportCoordinator.swift */; };
		100000000000000000000008 /* HealthExportEngine.swift in Sources */ = {isa = PBXBuildFile; fileRef = 200000000000000000000008 /* HealthExportEngine.swift */; };
		100000000000000000000009 /* HealthKitEncoder.swift in Sources */ = {isa = PBXBuildFile; fileRef = 200000000000000000000009 /* HealthKitEncoder.swift */; };
		10000000000000000000000A /* ContentView.swift in Sources */ = {isa = PBXBuildFile; fileRef = 20000000000000000000000A /* ContentView.swift */; };
		10000000000000000000000B /* ExportFolderAccess.swift in Sources */ = {isa = PBXBuildFile; fileRef = 20000000000000000000000D /* ExportFolderAccess.swift */; };
		10000000000000000000000C /* FolderPicker.swift in Sources */ = {isa = PBXBuildFile; fileRef = 20000000000000000000000E /* FolderPicker.swift */; };
		10000000000000000000000D /* AgentHealthExporter.swift in Sources */ = {isa = PBXBuildFile; fileRef = 20000000000000000000000F /* AgentHealthExporter.swift */; };
		10000000000000000000000E /* CategoryIntervalClipper.swift in Sources */ = {isa = PBXBuildFile; fileRef = 200000000000000000000010 /* CategoryIntervalClipper.swift */; };
		10000000000000000000000F /* DirectHealthSyncClient.swift in Sources */ = {isa = PBXBuildFile; fileRef = 200000000000000000000011 /* DirectHealthSyncClient.swift */; };
		100000000000000000000010 /* HealthContextCSVEncoder.swift in Sources */ = {isa = PBXBuildFile; fileRef = 200000000000000000000012 /* HealthContextCSVEncoder.swift */; };
		100000000000000000000011 /* TailscaleSettingsView.swift in Sources */ = {isa = PBXBuildFile; fileRef = 200000000000000000000013 /* TailscaleSettingsView.swift */; };
		100000000000000000000012 /* AppLocalizer.swift in Sources */ = {isa = PBXBuildFile; fileRef = 200000000000000000000014 /* AppLocalizer.swift */; };
		100000000000000000000013 /* HealthImportEndpoint.swift in Sources */ = {isa = PBXBuildFile; fileRef = 200000000000000000000015 /* HealthImportEndpoint.swift */; };
		100000000000000000000014 /* HealthDataSnapshot.swift in Sources */ = {isa = PBXBuildFile; fileRef = 200000000000000000000016 /* HealthDataSnapshot.swift */; };
		100000000000000000000015 /* HealthDataViewerView.swift in Sources */ = {isa = PBXBuildFile; fileRef = 200000000000000000000017 /* HealthDataViewerView.swift */; };
		A10000000000000000000001 /* AppIcon60x60@2x.png in Resources */ = {isa = PBXBuildFile; fileRef = A20000000000000000000001 /* AppIcon60x60@2x.png */; };
		A10000000000000000000002 /* AppIcon60x60@3x.png in Resources */ = {isa = PBXBuildFile; fileRef = A20000000000000000000002 /* AppIcon60x60@3x.png */; };
		A10000000000000000000003 /* AppIcon76x76@1x~ipad.png in Resources */ = {isa = PBXBuildFile; fileRef = A20000000000000000000003 /* AppIcon76x76@1x~ipad.png */; };
		A10000000000000000000004 /* AppIcon76x76@2x~ipad.png in Resources */ = {isa = PBXBuildFile; fileRef = A20000000000000000000004 /* AppIcon76x76@2x~ipad.png */; };
		A10000000000000000000005 /* AppIcon83.5x83.5@2x~ipad.png in Resources */ = {isa = PBXBuildFile; fileRef = A20000000000000000000005 /* AppIcon83.5x83.5@2x~ipad.png */; };
		A10000000000000000000006 /* Localizable.strings in Resources */ = {isa = PBXBuildFile; fileRef = B200000000000000000000005 /* Localizable.strings */; };
		A10000000000000000000007 /* InfoPlist.strings in Resources */ = {isa = PBXBuildFile; fileRef = B200000000000000000000006 /* InfoPlist.strings */; };
/* End PBXBuildFile section */

/* Begin PBXFileReference section */
		200000000000000000000000 /* HealthJSON.app */ = {isa = PBXFileReference; explicitFileType = wrapper.application; includeInIndex = 0; path = HealthJSON.app; sourceTree = BUILT_PRODUCTS_DIR; };
		200000000000000000000001 /* HealthJSONApp.swift */ = {isa = PBXFileReference; lastKnownFileType = sourcecode.swift; path = HealthJSONApp.swift; sourceTree = "<group>"; };
		200000000000000000000002 /* AppDelegate.swift */ = {isa = PBXFileReference; lastKnownFileType = sourcecode.swift; path = AppDelegate.swift; sourceTree = "<group>"; };
		200000000000000000000003 /* ExportModels.swift */ = {isa = PBXFileReference; lastKnownFileType = sourcecode.swift; path = ExportModels.swift; sourceTree = "<group>"; };
		200000000000000000000004 /* AnchorStore.swift */ = {isa = PBXFileReference; lastKnownFileType = sourcecode.swift; path = AnchorStore.swift; sourceTree = "<group>"; };
		200000000000000000000005 /* CloudExportStore.swift */ = {isa = PBXFileReference; lastKnownFileType = sourcecode.swift; path = CloudExportStore.swift; sourceTree = "<group>"; };
		200000000000000000000006 /* HealthDataCatalog.swift */ = {isa = PBXFileReference; lastKnownFileType = sourcecode.swift; path = HealthDataCatalog.swift; sourceTree = "<group>"; };
		200000000000000000000007 /* HealthExportCoordinator.swift */ = {isa = PBXFileReference; lastKnownFileType = sourcecode.swift; path = HealthExportCoordinator.swift; sourceTree = "<group>"; };
		200000000000000000000008 /* HealthExportEngine.swift */ = {isa = PBXFileReference; lastKnownFileType = sourcecode.swift; path = HealthExportEngine.swift; sourceTree = "<group>"; };
		200000000000000000000009 /* HealthKitEncoder.swift */ = {isa = PBXFileReference; lastKnownFileType = sourcecode.swift; path = HealthKitEncoder.swift; sourceTree = "<group>"; };
		20000000000000000000000A /* ContentView.swift */ = {isa = PBXFileReference; lastKnownFileType = sourcecode.swift; path = ContentView.swift; sourceTree = "<group>"; };
		20000000000000000000000B /* Info.plist */ = {isa = PBXFileReference; lastKnownFileType = text.plist.xml; path = Info.plist; sourceTree = "<group>"; };
		20000000000000000000000C /* HealthJSON.entitlements */ = {isa = PBXFileReference; lastKnownFileType = text.plist.entitlements; path = HealthJSON.entitlements; sourceTree = "<group>"; };
		20000000000000000000000D /* ExportFolderAccess.swift */ = {isa = PBXFileReference; lastKnownFileType = sourcecode.swift; path = ExportFolderAccess.swift; sourceTree = "<group>"; };
		20000000000000000000000E /* FolderPicker.swift */ = {isa = PBXFileReference; lastKnownFileType = sourcecode.swift; path = FolderPicker.swift; sourceTree = "<group>"; };
		20000000000000000000000F /* AgentHealthExporter.swift */ = {isa = PBXFileReference; lastKnownFileType = sourcecode.swift; path = AgentHealthExporter.swift; sourceTree = "<group>"; };
		200000000000000000000010 /* CategoryIntervalClipper.swift */ = {isa = PBXFileReference; lastKnownFileType = sourcecode.swift; path = CategoryIntervalClipper.swift; sourceTree = "<group>"; };
		200000000000000000000011 /* DirectHealthSyncClient.swift */ = {isa = PBXFileReference; lastKnownFileType = sourcecode.swift; path = DirectHealthSyncClient.swift; sourceTree = "<group>"; };
		200000000000000000000012 /* HealthContextCSVEncoder.swift */ = {isa = PBXFileReference; lastKnownFileType = sourcecode.swift; path = HealthContextCSVEncoder.swift; sourceTree = "<group>"; };
		200000000000000000000013 /* TailscaleSettingsView.swift */ = {isa = PBXFileReference; lastKnownFileType = sourcecode.swift; path = TailscaleSettingsView.swift; sourceTree = "<group>"; };
		200000000000000000000014 /* AppLocalizer.swift */ = {isa = PBXFileReference; lastKnownFileType = sourcecode.swift; path = Localization/AppLocalizer.swift; sourceTree = "<group>"; };
		200000000000000000000015 /* HealthImportEndpoint.swift */ = {isa = PBXFileReference; lastKnownFileType = sourcecode.swift; path = HealthImportEndpoint.swift; sourceTree = "<group>"; };
		200000000000000000000016 /* HealthDataSnapshot.swift */ = {isa = PBXFileReference; lastKnownFileType = sourcecode.swift; path = HealthDataSnapshot.swift; sourceTree = "<group>"; };
		200000000000000000000017 /* HealthDataViewerView.swift */ = {isa = PBXFileReference; lastKnownFileType = sourcecode.swift; path = HealthDataViewerView.swift; sourceTree = "<group>"; };
		B200000000000000000000001 /* en */ = {isa = PBXFileReference; lastKnownFileType = text.plist.strings; name = en; path = en.lproj/Localizable.strings; sourceTree = "<group>"; };
		B200000000000000000000002 /* ru */ = {isa = PBXFileReference; lastKnownFileType = text.plist.strings; name = ru; path = ru.lproj/Localizable.strings; sourceTree = "<group>"; };
		B200000000000000000000003 /* en */ = {isa = PBXFileReference; lastKnownFileType = text.plist.strings; name = en; path = en.lproj/InfoPlist.strings; sourceTree = "<group>"; };
		B200000000000000000000004 /* ru */ = {isa = PBXFileReference; lastKnownFileType = text.plist.strings; name = ru; path = ru.lproj/InfoPlist.strings; sourceTree = "<group>"; };
		A20000000000000000000001 /* AppIcon60x60@2x.png */ = {isa = PBXFileReference; lastKnownFileType = image.png; path = "Icons/AppIcon60x60@2x.png"; sourceTree = "<group>"; };
		A20000000000000000000002 /* AppIcon60x60@3x.png */ = {isa = PBXFileReference; lastKnownFileType = image.png; path = "Icons/AppIcon60x60@3x.png"; sourceTree = "<group>"; };
		A20000000000000000000003 /* AppIcon76x76@1x~ipad.png */ = {isa = PBXFileReference; lastKnownFileType = image.png; path = "Icons/AppIcon76x76@1x~ipad.png"; sourceTree = "<group>"; };
		A20000000000000000000004 /* AppIcon76x76@2x~ipad.png */ = {isa = PBXFileReference; lastKnownFileType = image.png; path = "Icons/AppIcon76x76@2x~ipad.png"; sourceTree = "<group>"; };
		A20000000000000000000005 /* AppIcon83.5x83.5@2x~ipad.png */ = {isa = PBXFileReference; lastKnownFileType = image.png; path = "Icons/AppIcon83.5x83.5@2x~ipad.png"; sourceTree = "<group>"; };
/* End PBXFileReference section */

/* Begin PBXFrameworksBuildPhase section */
		300000000000000000000001 /* Frameworks */ = {
			isa = PBXFrameworksBuildPhase;
			buildActionMask = 2147483647;
			files = (
			);
			runOnlyForDeploymentPostprocessing = 0;
		};
/* End PBXFrameworksBuildPhase section */

/* Begin PBXGroup section */
		400000000000000000000000 = {
			isa = PBXGroup;
			children = (
				400000000000000000000001 /* HealthJSON */,
				400000000000000000000005 /* Products */,
			);
			sourceTree = "<group>";
		};
		400000000000000000000001 /* HealthJSON */ = {
			isa = PBXGroup;
			children = (
				200000000000000000000001 /* HealthJSONApp.swift */,
				200000000000000000000002 /* AppDelegate.swift */,
				200000000000000000000014 /* AppLocalizer.swift */,
				400000000000000000000002 /* Models */,
				400000000000000000000003 /* Services */,
				400000000000000000000004 /* UI */,
				20000000000000000000000B /* Info.plist */,
				B200000000000000000000006 /* InfoPlist.strings */,
				B200000000000000000000005 /* Localizable.strings */,
				20000000000000000000000C /* HealthJSON.entitlements */,
				A20000000000000000000001 /* AppIcon60x60@2x.png */,
				A20000000000000000000002 /* AppIcon60x60@3x.png */,
				A20000000000000000000003 /* AppIcon76x76@1x~ipad.png */,
				A20000000000000000000004 /* AppIcon76x76@2x~ipad.png */,
				A20000000000000000000005 /* AppIcon83.5x83.5@2x~ipad.png */,
			);
			path = HealthJSON;
			sourceTree = "<group>";
		};
		400000000000000000000002 /* Models */ = {
			isa = PBXGroup;
			children = (
				200000000000000000000003 /* ExportModels.swift */,
				200000000000000000000016 /* HealthDataSnapshot.swift */,
			);
			path = Models;
			sourceTree = "<group>";
		};
		400000000000000000000003 /* Services */ = {
			isa = PBXGroup;
			children = (
				200000000000000000000004 /* AnchorStore.swift */,
				200000000000000000000005 /* CloudExportStore.swift */,
				200000000000000000000006 /* HealthDataCatalog.swift */,
				200000000000000000000007 /* HealthExportCoordinator.swift */,
				200000000000000000000008 /* HealthExportEngine.swift */,
				200000000000000000000009 /* HealthKitEncoder.swift */,
				20000000000000000000000D /* ExportFolderAccess.swift */,
				20000000000000000000000F /* AgentHealthExporter.swift */,
					200000000000000000000010 /* CategoryIntervalClipper.swift */,
					200000000000000000000011 /* DirectHealthSyncClient.swift */,
					200000000000000000000012 /* HealthContextCSVEncoder.swift */,
					200000000000000000000015 /* HealthImportEndpoint.swift */,
			);
			path = Services;
			sourceTree = "<group>";
		};
		400000000000000000000004 /* UI */ = {
			isa = PBXGroup;
			children = (
					20000000000000000000000A /* ContentView.swift */,
					20000000000000000000000E /* FolderPicker.swift */,
					200000000000000000000013 /* TailscaleSettingsView.swift */,
					200000000000000000000017 /* HealthDataViewerView.swift */,
			);
			path = UI;
			sourceTree = "<group>";
		};
		400000000000000000000005 /* Products */ = {
			isa = PBXGroup;
			children = (
				200000000000000000000000 /* HealthJSON.app */,
			);
			name = Products;
			sourceTree = "<group>";
		};
/* End PBXGroup section */

/* Begin PBXVariantGroup section */
		B200000000000000000000005 /* Localizable.strings */ = {
			isa = PBXVariantGroup;
			children = (
				B200000000000000000000001 /* en */,
				B200000000000000000000002 /* ru */,
			);
			name = Localizable.strings;
			sourceTree = "<group>";
		};
		B200000000000000000000006 /* InfoPlist.strings */ = {
			isa = PBXVariantGroup;
			children = (
				B200000000000000000000003 /* en */,
				B200000000000000000000004 /* ru */,
			);
			name = InfoPlist.strings;
			sourceTree = "<group>";
		};
/* End PBXVariantGroup section */

/* Begin PBXNativeTarget section */
		500000000000000000000001 /* HealthJSON */ = {
			isa = PBXNativeTarget;
			buildConfigurationList = 900000000000000000000002 /* Build configuration list for PBXNativeTarget "HealthJSON" */;
			buildPhases = (
				700000000000000000000001 /* Sources */,
				300000000000000000000001 /* Frameworks */,
				700000000000000000000002 /* Resources */,
			);
			buildRules = (
			);
			dependencies = (
			);
			name = HealthJSON;
			productName = HealthJSON;
			productReference = 200000000000000000000000 /* HealthJSON.app */;
			productType = "com.apple.product-type.application";
		};
/* End PBXNativeTarget section */

/* Begin PBXProject section */
		600000000000000000000001 /* Project object */ = {
			isa = PBXProject;
			attributes = {
				BuildIndependentTargetsInParallel = 1;
				LastSwiftUpdateCheck = 2660;
				LastUpgradeCheck = 2660;
				TargetAttributes = {
					500000000000000000000001 = {
						CreatedOnToolsVersion = 26.6;
					};
				};
			};
			buildConfigurationList = 900000000000000000000001 /* Build configuration list for PBXProject "HealthJSON" */;
			developmentRegion = en;
			hasScannedForEncodings = 0;
			knownRegions = (
				en,
				ru,
				Base,
			);
			mainGroup = 400000000000000000000000;
			preferredProjectObjectVersion = 77;
			productRefGroup = 400000000000000000000005 /* Products */;
			projectDirPath = "";
			projectRoot = "";
			targets = (
				500000000000000000000001 /* HealthJSON */,
			);
		};
/* End PBXProject section */

/* Begin PBXResourcesBuildPhase section */
		700000000000000000000002 /* Resources */ = {
			isa = PBXResourcesBuildPhase;
			buildActionMask = 2147483647;
			files = (
				A10000000000000000000001 /* AppIcon60x60@2x.png in Resources */,
				A10000000000000000000002 /* AppIcon60x60@3x.png in Resources */,
				A10000000000000000000003 /* AppIcon76x76@1x~ipad.png in Resources */,
				A10000000000000000000004 /* AppIcon76x76@2x~ipad.png in Resources */,
				A10000000000000000000005 /* AppIcon83.5x83.5@2x~ipad.png in Resources */,
				A10000000000000000000006 /* Localizable.strings in Resources */,
				A10000000000000000000007 /* InfoPlist.strings in Resources */,
			);
			runOnlyForDeploymentPostprocessing = 0;
		};
/* End PBXResourcesBuildPhase section */

/* Begin PBXSourcesBuildPhase section */
		700000000000000000000001 /* Sources */ = {
			isa = PBXSourcesBuildPhase;
			buildActionMask = 2147483647;
			files = (
				100000000000000000000001 /* HealthJSONApp.swift in Sources */,
				100000000000000000000002 /* AppDelegate.swift in Sources */,
				100000000000000000000003 /* ExportModels.swift in Sources */,
				100000000000000000000004 /* AnchorStore.swift in Sources */,
				100000000000000000000005 /* CloudExportStore.swift in Sources */,
				100000000000000000000006 /* HealthDataCatalog.swift in Sources */,
				100000000000000000000007 /* HealthExportCoordinator.swift in Sources */,
				100000000000000000000008 /* HealthExportEngine.swift in Sources */,
				100000000000000000000009 /* HealthKitEncoder.swift in Sources */,
				10000000000000000000000A /* ContentView.swift in Sources */,
				10000000000000000000000B /* ExportFolderAccess.swift in Sources */,
				10000000000000000000000C /* FolderPicker.swift in Sources */,
				10000000000000000000000D /* AgentHealthExporter.swift in Sources */,
					10000000000000000000000E /* CategoryIntervalClipper.swift in Sources */,
					10000000000000000000000F /* DirectHealthSyncClient.swift in Sources */,
					100000000000000000000010 /* HealthContextCSVEncoder.swift in Sources */,
				100000000000000000000011 /* TailscaleSettingsView.swift in Sources */,
				100000000000000000000012 /* AppLocalizer.swift in Sources */,
				100000000000000000000013 /* HealthImportEndpoint.swift in Sources */,
				100000000000000000000014 /* HealthDataSnapshot.swift in Sources */,
				100000000000000000000015 /* HealthDataViewerView.swift in Sources */,
			);
			runOnlyForDeploymentPostprocessing = 0;
		};
/* End PBXSourcesBuildPhase section */

/* Begin XCBuildConfiguration section */
		800000000000000000000001 /* Debug */ = {
			isa = XCBuildConfiguration;
			buildSettings = {
				CLANG_ENABLE_MODULES = YES;
				IPHONEOS_DEPLOYMENT_TARGET = 26.0;
				SDKROOT = iphoneos;
				SWIFT_VERSION = 5.0;
			};
			name = Debug;
		};
		800000000000000000000002 /* Release */ = {
			isa = XCBuildConfiguration;
			buildSettings = {
				CLANG_ENABLE_MODULES = YES;
				IPHONEOS_DEPLOYMENT_TARGET = 26.0;
				SDKROOT = iphoneos;
				SWIFT_COMPILATION_MODE = wholemodule;
				SWIFT_VERSION = 5.0;
			};
			name = Release;
		};
		800000000000000000000003 /* Debug */ = {
			isa = XCBuildConfiguration;
			buildSettings = {
				CODE_SIGN_ENTITLEMENTS = HealthJSON/HealthJSON.entitlements;
				CODE_SIGN_STYLE = Automatic;
				CURRENT_PROJECT_VERSION = 1;
				DEVELOPMENT_TEAM = 98TA4Y6765;
				GENERATE_INFOPLIST_FILE = NO;
				INFOPLIST_FILE = HealthJSON/Info.plist;
				MARKETING_VERSION = 1.0;
				PRODUCT_BUNDLE_IDENTIFIER = com.johndoe.HealthJSON;
				PRODUCT_NAME = "$(TARGET_NAME)";
				SUPPORTED_PLATFORMS = "iphoneos iphonesimulator";
				SUPPORTS_MACCATALYST = NO;
				SWIFT_EMIT_LOC_STRINGS = YES;
				TARGETED_DEVICE_FAMILY = "1,2";
			};
			name = Debug;
		};
		800000000000000000000004 /* Release */ = {
			isa = XCBuildConfiguration;
			buildSettings = {
				CODE_SIGN_ENTITLEMENTS = HealthJSON/HealthJSON.entitlements;
				CODE_SIGN_STYLE = Automatic;
				CURRENT_PROJECT_VERSION = 1;
				DEVELOPMENT_TEAM = 98TA4Y6765;
				GENERATE_INFOPLIST_FILE = NO;
				INFOPLIST_FILE = HealthJSON/Info.plist;
				MARKETING_VERSION = 1.0;
				PRODUCT_BUNDLE_IDENTIFIER = com.johndoe.HealthJSON;
				PRODUCT_NAME = "$(TARGET_NAME)";
				SUPPORTED_PLATFORMS = "iphoneos iphonesimulator";
				SUPPORTS_MACCATALYST = NO;
				SWIFT_EMIT_LOC_STRINGS = YES;
				TARGETED_DEVICE_FAMILY = "1,2";
			};
			name = Release;
		};
/* End XCBuildConfiguration section */

/* Begin XCConfigurationList section */
		900000000000000000000001 /* Build configuration list for PBXProject "HealthJSON" */ = {
			isa = XCConfigurationList;
			buildConfigurations = (
				800000000000000000000001 /* Debug */,
				800000000000000000000002 /* Release */,
			);
			defaultConfigurationIsVisible = 0;
			defaultConfigurationName = Release;
		};
		900000000000000000000002 /* Build configuration list for PBXNativeTarget "HealthJSON" */ = {
			isa = XCConfigurationList;
			buildConfigurations = (
				800000000000000000000003 /* Debug */,
				800000000000000000000004 /* Release */,
			);
			defaultConfigurationIsVisible = 0;
			defaultConfigurationName = Release;
		};
/* End XCConfigurationList section */
	};
	rootObject = 600000000000000000000001 /* Project object */;
}
